
Microsoft Visual Studio Solution File, Format Version 12.00
# Visual Studio Version 16
VisualStudioVersion = 16.0.30611.23
MinimumVisualStudioVersion = 10.0.40219.1
Project("{FAE04EC0-301F-11D3-BF4B-00C04F79EFBC}") = "AppQuantidade.UWP", "AppQuantidade\AppQuantidade.UWP\AppQuantidade.UWP.csproj", "{C5232D26-934C-4E27-A463-4EE8E7DEB98E}"
EndProject
Project("{FAE04EC0-301F-11D3-BF4B-00C04F79EFBC}") = "AppQuantidade.Android", "AppQuantidade\AppQuantidade.Android\AppQuantidade.Android.csproj", "{73138535-2F7A-49B6-91CE-0A25BBB6097A}"
EndProject
Project("{FAE04EC0-301F-11D3-BF4B-00C04F79EFBC}") = "AppQuantidade.iOS", "AppQuantidade\AppQuantidade.iOS\AppQuantidade.iOS.csproj", "{4FC2B44A-BEA6-4DE4-B7DA-4EDC712DD79A}"
EndProject
Project("{FAE04EC0-301F-11D3-BF4B-00C04F79EFBC}") = "AppQuantidade", "AppQuantidade\AppQuantidade\AppQuantidade.csproj", "{EE93CA68-FD0B-44CB-8F4D-2F2F0E08A0DE}"
EndProject
Global
	GlobalSection(SolutionConfigurationPlatforms) = preSolution
		Debug|Any CPU = Debug|Any CPU
		Debug|ARM = Debug|ARM
		Debug|iPhone = Debug|iPhone
		Debug|iPhoneSimulator = Debug|iPhoneSimulator
		Debug|x64 = Debug|x64
		Debug|x86 = Debug|x86
		Release|Any CPU = Release|Any CPU
		Release|ARM = Release|ARM
		Release|iPhone = Release|iPhone
		Release|iPhoneSimulator = Release|iPhoneSimulator
		Release|x64 = Release|x64
		Release|x86 = Release|x86
	EndGlobalSection
	GlobalSection(ProjectConfigurationPlatforms) = postSolution
		{C5232D26-934C-4E27-A463-4EE8E7DEB98E}.Debug|Any CPU.ActiveCfg = Debug|x86
		{C5232D26-934C-4E27-A463-4EE8E7DEB98E}.Debug|Any CPU.Build.0 = Debug|x86
		{C5232D26-934C-4E27-A463-4EE8E7DEB98E}.Debug|Any CPU.Deploy.0 = Debug|x86
		{C5232D26-934C-4E27-A463-4EE8E7DEB98E}.Debug|ARM.ActiveCfg = Debug|ARM
		{C5232D26-934C-4E27-A463-4EE8E7DEB98E}.Debug|ARM.Build.0 = Debug|ARM
		{C5232D26-934C-4E27-A463-4EE8E7DEB98E}.Debug|ARM.Deploy.0 = Debug|ARM
		{C5232D26-934C-4E27-A463-4EE8E7DEB98E}.Debug|iPhone.ActiveCfg = Debug|x86
		{C5232D26-934C-4E27-A463-4EE8E7DEB98E}.Debug|iPhone.Build.0 = Debug|x86
		{C5232D26-934C-4E27-A463-4EE8E7DEB98E}.Debug|iPhone.Deploy.0 = Debug|x86
		{C5232D26-934C-4E27-A463-4EE8E7DEB98E}.Debug|iPhoneSimulator.ActiveCfg = Debug|x86
		{C5232D26-934C-4E27-A463-4EE8E7DEB98E}.Debug|iPhoneSimulator.Build.0 = Debug|x86
		{C5232D26-934C-4E27-A463-4EE8E7DEB98E}.Debug|iPhoneSimulator.Deploy.0 = Debug|x86
		{C5232D26-934C-4E27-A463-4EE8E7DEB98E}.Debug|x64.ActiveCfg = Debug|x64
		{C5232D26-934C-4E27-A463-4EE8E7DEB98E}.Debug|x64.Build.0 = Debug|x64
		{C5232D26-934C-4E27-A463-4EE8E7DEB98E}.Debug|x64.Deploy.0 = Debug|x64
		{C5232D26-934C-4E27-A463-4EE8E7DEB98E}.Debug|x86.ActiveCfg = Debug|x86
		{C5232D26-934C-4E27-A463-4EE8E7DEB98E}.Debug|x86.Build.0 = Debug|x86
		{C5232D26-934C-4E27-A463-4EE8E7DEB98E}.Debug|x86.Deploy.0 = Debug|x86
		{C5232D26-934C-4E27-A463-4EE8E7DEB98E}.Release|Any CPU.ActiveCfg = Release|x86
		{C5232D26-934C-4E27-A463-4EE8E7DEB98E}.Release|Any CPU.Build.0 = Release|x86
		{C5232D26-934C-4E27-A463-4EE8E7DEB98E}.Release|Any CPU.Deploy.0 = Release|x86
		{C5232D26-934C-4E27-A463-4EE8E7DEB98E}.Release|ARM.ActiveCfg = Release|ARM
		{C5232D26-934C-4E27-A463-4EE8E7DEB98E}.Release|ARM.Build.0 = Release|ARM
		{C5232D26-934C-4E27-A463-4EE8E7DEB98E}.Release|ARM.Deploy.0 = Release|ARM
		{C5232D26-934C-4E27-A463-4EE8E7DEB98E}.Release|iPhone.ActiveCfg = Release|x86
		{C5232D26-934C-4E27-A463-4EE8E7DEB98E}.Release|iPhone.Build.0 = Release|x86
		{C5232D26-934C-4E27-A463-4EE8E7DEB98E}.Release|iPhone.Deploy.0 = Release|x86
		{C5232D26-934C-4E27-A463-4EE8E7DEB98E}.Release|iPhoneSimulator.ActiveCfg = Release|x86
		{C5232D26-934C-4E27-A463-4EE8E7DEB98E}.Release|iPhoneSimulator.Build.0 = Release|x86
		{C5232D26-934C-4E27-A463-4EE8E7DEB98E}.Release|iPhoneSimulator.Deploy.0 = Release|x86
		{C5232D26-934C-4E27-A463-4EE8E7DEB98E}.Release|x64.ActiveCfg = Release|x64
		{C5232D26-934C-4E27-A463-4EE8E7DEB98E}.Release|x64.Build.0 = Release|x64
		{C5232D26-934C-4E27-A463-4EE8E7DEB98E}.Release|x64.Deploy.0 = Release|x64
		{C5232D26-934C-4E27-A463-4EE8E7DEB98E}.Release|x86.ActiveCfg = Release|x86
		{C5232D26-934C-4E27-A463-4EE8E7DEB98E}.Release|x86.Build.0 = Release|x86
		{C5232D26-934C-4E27-A463-4EE8E7DEB98E}.Release|x86.Deploy.0 = Release|x86
		{73138535-2F7A-49B6-91CE-0A25BBB6097A}.Debug|Any CPU.ActiveCfg = Debug|Any CPU
		{73138535-2F7A-49B6-91CE-0A25BBB6097A}.Debug|Any CPU.Build.0 = Debug|Any CPU
		{73138535-2F7A-49B6-91CE-0A25BBB6097A}.Debug|Any CPU.Deploy.0 = Debug|Any CPU
		{73138535-2F7A-49B6-91CE-0A25BBB6097A}.Debug|ARM.ActiveCfg = Debug|Any CPU
		{73138535-2F7A-49B6-91CE-0A25BBB6097A}.Debug|ARM.Build.0 = Debug|Any CPU
		{73138535-2F7A-49B6-91CE-0A25BBB6097A}.Debug|ARM.Deploy.0 = Debug|Any CPU
		{73138535-2F7A-49B6-91CE-0A25BBB6097A}.Debug|iPhone.ActiveCfg = Debug|Any CPU
		{73138535-2F7A-49B6-91CE-0A25BBB6097A}.Debug|iPhone.Build.0 = Debug|Any CPU
		{73138535-2F7A-49B6-91CE-0A25BBB6097A}.Debug|iPhone.Deploy.0 = Debug|Any CPU
		{73138535-2F7A-49B6-91CE-0A25BBB6097A}.Debug|iPhoneSimulator.ActiveCfg = Debug|Any CPU
		{73138535-2F7A-49B6-91CE-0A25BBB6097A}.Debug|iPhoneSimulator.Build.0 = Debug|Any CPU
		{73138535-2F7A-49B6-91CE-0A25BBB6097A}.Debug|iPhoneSimulator.Deploy.0 = Debug|Any CPU
		{73138535-2F7A-49B6-91CE-0A25BBB6097A}.Debug|x64.ActiveCfg = Debug|Any CPU
		{73138535-2F7A-49B6-91CE-0A25BBB6097A}.Debug|x64.Build.0 = Debug|Any CPU
		{73138535-2F7A-49B6-91CE-0A25BBB6097A}.Debug|x64.Deploy.0 = Debug|Any CPU
		{73138535-2F7A-49B6-91CE-0A25BBB6097A}.Debug|x86.ActiveCfg = Debug|Any CPU
		{73138535-2F7A-49B6-91CE-0A25BBB6097A}.Debug|x86.Build.0 = Debug|Any CPU
		{73138535-2F7A-49B6-91CE-0A25BBB6097A}.Debug|x86.Deploy.0 = Debug|Any CPU
		{73138535-2F7A-49B6-91CE-0A25BBB6097A}.Release|Any CPU.ActiveCfg = Release|Any CPU
		{73138535-2F7A-49B6-91CE-0A25BBB6097A}.Release|Any CPU.Build.0 = Release|Any CPU
		{73138535-2F7A-49B6-91CE-0A25BBB6097A}.Release|Any CPU.Deploy.0 = Release|Any CPU
		{73138535-2F7A-49B6-91CE-0A25BBB6097A}.Release|ARM.ActiveCfg = Release|Any CPU
		{73138535-2F7A-49B6-91CE-0A25BBB6097A}.Release|ARM.Build.0 = Release|Any CPU
		{73138535-2F7A-49B6-91CE-0A25BBB6097A}.Release|ARM.Deploy.0 = Release|Any CPU
		{73138535-2F7A-49B6-91CE-0A25BBB6097A}.Release|iPhone.ActiveCfg = Release|Any CPU
		{73138535-2F7A-49B6-91CE-0A25BBB6097A}.Release|iPhone.Build.0 = Release|Any CPU
		{73138535-2F7A-49B6-91CE-0A25BBB6097A}.Release|iPhone.Deploy.0 = Release|Any CPU
		{73138535-2F7A-49B6-91CE-0A25BBB6097A}.Release|iPhoneSimulator.ActiveCfg = Release|Any CPU
		{73138535-2F7A-49B6-91CE-0A25BBB6097A}.Release|iPhoneSimulator.Build.0 = Release|Any CPU
		{73138535-2F7A-49B6-91CE-0A25BBB6097A}.Release|iPhoneSimulator.Deploy.0 = Release|Any CPU
		{73138535-2F7A-49B6-91CE-0A25BBB6097A}.Release|x64.ActiveCfg = Release|Any CPU
		{73138535-2F7A-49B6-91CE-0A25BBB6097A}.Release|x64.Build.0 = Release|Any CPU
		{73138535-2F7A-49B6-91CE-0A25BBB6097A}.Release|x64.Deploy.0 = Release|Any CPU
		{73138535-2F7A-49B6-91CE-0A25BBB6097A}.Release|x86.ActiveCfg = Release|Any CPU
		{73138535-2F7A-49B6-91CE-0A25BBB6097A}.Release|x86.Build.0 = Release|Any CPU
		{73138535-2F7A-49B6-91CE-0A25BBB6097A}.Release|x86.Deploy.0 = Release|Any CPU
		{4FC2B44A-BEA6-4DE4-B7DA-4EDC712DD79A}.Debug|Any CPU.ActiveCfg = Debug|iPhoneSimulator
		{4FC2B44A-BEA6-4DE4-B7DA-4EDC712DD79A}.Debug|Any CPU.Build.0 = Debug|iPhoneSimulator
		{4FC2B44A-BEA6-4DE4-B7DA-4EDC712DD79A}.Debug|Any CPU.Deploy.0 = Debug|iPhoneSimulator
		{4FC2B44A-BEA6-4DE4-B7DA-4EDC712DD79A}.Debug|ARM.ActiveCfg = Debug|iPhone
		{4FC2B44A-BEA6-4DE4-B7DA-4EDC712DD79A}.Debug|ARM.Build.0 = Debug|iPhone
		{4FC2B44A-BEA6-4DE4-B7DA-4EDC712DD79A}.Debug|ARM.Deploy.0 = Debug|iPhone
		{4FC2B44A-BEA6-4DE4-B7DA-4EDC712DD79A}.Debug|iPhone.ActiveCfg = Debug|iPhone
		{4FC2B44A-BEA6-4DE4-B7DA-4EDC712DD79A}.Debug|iPhone.Build.0 = Debug|iPhone
		{4FC2B44A-BEA6-4DE4-B7DA-4EDC712DD79A}.Debug|iPhone.Deploy.0 = Debug|iPhone
		{4FC2B44A-BEA6-4DE4-B7DA-4EDC712DD79A}.Debug|iPhoneSimulator.ActiveCfg = Debug|iPhoneSimulator
		{4FC2B44A-BEA6-4DE4-B7DA-4EDC712DD79A}.Debug|iPhoneSimulator.Build.0 = Debug|iPhoneSimulator
		{4FC2B44A-BEA6-4DE4-B7DA-4EDC712DD79A}.Debug|iPhoneSimulator.Deploy.0 = Debug|iPhoneSimulator
		{4FC2B44A-BEA6-4DE4-B7DA-4EDC712DD79A}.Debug|x64.ActiveCfg = Debug|iPhoneSimulator
		{4FC2B44A-BEA6-4DE4-B7DA-4EDC712DD79A}.Debug|x64.Build.0 = Debug|iPhoneSimulator
		{4FC2B44A-BEA6-4DE4-B7DA-4EDC712DD79A}.Debug|x64.Deploy.0 = Debug|iPhoneSimulator
		{4FC2B44A-BEA6-4DE4-B7DA-4EDC712DD79A}.Debug|x86.ActiveCfg = Debug|iPhoneSimulator
		{4FC2B44A-BEA6-4DE4-B7DA-4EDC712DD79A}.Debug|x86.Build.0 = Debug|iPhoneSimulator
		{4FC2B44A-BEA6-4DE4-B7DA-4EDC712DD79A}.Debug|x86.Deploy.0 = Debug|iPhoneSimulator
		{4FC2B44A-BEA6-4DE4-B7DA-4EDC712DD79A}.Release|Any CPU.ActiveCfg = Release|iPhoneSimulator
		{4FC2B44A-BEA6-4DE4-B7DA-4EDC712DD79A}.Release|Any CPU.Build.0 = Release|iPhoneSimulator
		{4FC2B44A-BEA6-4DE4-B7DA-4EDC712DD79A}.Release|Any CPU.Deploy.0 = Release|iPhoneSimulator
		{4FC2B44A-BEA6-4DE4-B7DA-4EDC712DD79A}.Release|ARM.ActiveCfg = Release|iPhoneSimulator
		{4FC2B44A-BEA6-4DE4-B7DA-4EDC712DD79A}.Release|ARM.Build.0 = Release|iPhoneSimulator
		{4FC2B44A-BEA6-4DE4-B7DA-4EDC712DD79A}.Release|ARM.Deploy.0 = Release|iPhoneSimulator
		{4FC2B44A-BEA6-4DE4-B7DA-4EDC712DD79A}.Release|iPhone.ActiveCfg = Release|iPhone
		{4FC2B44A-BEA6-4DE4-B7DA-4EDC712DD79A}.Release|iPhone.Build.0 = Release|iPhone
		{4FC2B44A-BEA6-4DE4-B7DA-4EDC712DD79A}.Release|iPhone.Deploy.0 = Release|iPhone
		{4FC2B44A-BEA6-4DE4-B7DA-4EDC712DD79A}.Release|iPhoneSimulator.ActiveCfg = Release|iPhoneSimulator
		{4FC2B44A-BEA6-4DE4-B7DA-4EDC712DD79A}.Release|iPhoneSimulator.Build.0 = Release|iPhoneSimulator
		{4FC2B44A-BEA6-4DE4-B7DA-4EDC712DD79A}.Release|iPhoneSimulator.Deploy.0 = Release|iPhoneSimulator
		{4FC2B44A-BEA6-4DE4-B7DA-4EDC712DD79A}.Release|x64.ActiveCfg = Release|iPhoneSimulator
		{4FC2B44A-BEA6-4DE4-B7DA-4EDC712DD79A}.Release|x64.Build.0 = Release|iPhoneSimulator
		{4FC2B44A-BEA6-4DE4-B7DA-4EDC712DD79A}.Release|x64.Deploy.0 = Release|iPhoneSimulator
		{4FC2B44A-BEA6-4DE4-B7DA-4EDC712DD79A}.Release|x86.ActiveCfg = Release|iPhoneSimulator
		{4FC2B44A-BEA6-4DE4-B7DA-4EDC712DD79A}.Release|x86.Build.0 = Release|iPhoneSimulator
		{4FC2B44A-BEA6-4DE4-B7DA-4EDC712DD79A}.Release|x86.Deploy.0 = Release|iPhoneSimulator
		{EE93CA68-FD0B-44CB-8F4D-2F2F0E08A0DE}.Debug|Any CPU.ActiveCfg = Debug|Any CPU
		{EE93CA68-FD0B-44CB-8F4D-2F2F0E08A0DE}.Debug|Any CPU.Build.0 = Debug|Any CPU
		{EE93CA68-FD0B-44CB-8F4D-2F2F0E08A0DE}.Debug|Any CPU.Deploy.0 = Debug|Any CPU
		{EE93CA68-FD0B-44CB-8F4D-2F2F0E08A0DE}.Debug|ARM.ActiveCfg = Debug|Any CPU
		{EE93CA68-FD0B-44CB-8F4D-2F2F0E08A0DE}.Debug|ARM.Build.0 = Debug|Any CPU
		{EE93CA68-FD0B-44CB-8F4D-2F2F0E08A0DE}.Debug|ARM.Deploy.0 = Debug|Any CPU
		{EE93CA68-FD0B-44CB-8F4D-2F2F0E08A0DE}.Debug|iPhone.ActiveCfg = Debug|Any CPU
		{EE93CA68-FD0B-44CB-8F4D-2F2F0E08A0DE}.Debug|iPhone.Build.0 = Debug|Any CPU
		{EE93CA68-FD0B-44CB-8F4D-2F2F0E08A0DE}.Debug|iPhone.Deploy.0 = Debug|Any CPU
		{EE93CA68-FD0B-44CB-8F4D-2F2F0E08A0DE}.Debug|iPhoneSimulator.ActiveCfg = Debug|Any CPU
		{EE93CA68-FD0B-44CB-8F4D-2F2F0E08A0DE}.Debug|iPhoneSimulator.Build.0 = Debug|Any CPU
		{EE93CA68-FD0B-44CB-8F4D-2F2F0E08A0DE}.Debug|iPhoneSimulator.Deploy.0 = Debug|Any CPU
		{EE93CA68-FD0B-44CB-8F4D-2F2F0E08A0DE}.Debug|x64.ActiveCfg = Debug|Any CPU
		{EE93CA68-FD0B-44CB-8F4D-2F2F0E08A0DE}.Debug|x64.Build.0 = Debug|Any CPU
		{EE93CA68-FD0B-44CB-8F4D-2F2F0E08A0DE}.Debug|x64.Deploy.0 = Debug|Any CPU
		{EE93CA68-FD0B-44CB-8F4D-2F2F0E08A0DE}.Debug|x86.ActiveCfg = Debug|Any CPU
		{EE93CA68-FD0B-44CB-8F4D-2F2F0E08A0DE}.Debug|x86.Build.0 = Debug|Any CPU
		{EE93CA68-FD0B-44CB-8F4D-2F2F0E08A0DE}.Debug|x86.Deploy.0 = Debug|Any CPU
		{EE93CA68-FD0B-44CB-8F4D-2F2F0E08A0DE}.Release|Any CPU.ActiveCfg = Release|Any CPU
		{EE93CA68-FD0B-44CB-8F4D-2F2F0E08A0DE}.Release|Any CPU.Build.0 = Release|Any CPU
		{EE93CA68-FD0B-44CB-8F4D-2F2F0E08A0DE}.Release|Any CPU.Deploy.0 = Release|Any CPU
		{EE93CA68-FD0B-44CB-8F4D-2F2F0E08A0DE}.Release|ARM.ActiveCfg = Release|Any CPU
		{EE93CA68-FD0B-44CB-8F4D-2F2F0E08A0DE}.Release|ARM.Build.0 = Release|Any CPU
		{EE93CA68-FD0B-44CB-8F4D-2F2F0E08A0DE}.Release|ARM.Deploy.0 = Release|Any CPU
		{EE93CA68-FD0B-44CB-8F4D-2F2F0E08A0DE}.Release|iPhone.ActiveCfg = Release|Any CPU
		{EE93CA68-FD0B-44CB-8F4D-2F2F0E08A0DE}.Release|iPhone.Build.0 = Release|Any CPU
		{EE93CA68-FD0B-44CB-8F4D-2F2F0E08A0DE}.Release|iPhone.Deploy.0 = Release|Any CPU
		{EE93CA68-FD0B-44CB-8F4D-2F2F0E08A0DE}.Release|iPhoneSimulator.ActiveCfg = Release|Any CPU
		{EE93CA68-FD0B-44CB-8F4D-2F2F0E08A0DE}.Release|iPhoneSimulator.Build.0 = Release|Any CPU
		{EE93CA68-FD0B-44CB-8F4D-2F2F0E08A0DE}.Release|iPhoneSimulator.Deploy.0 = Release|Any CPU
		{EE93CA68-FD0B-44CB-8F4D-2F2F0E08A0DE}.Release|x64.ActiveCfg = Release|Any CPU
		{EE93CA68-FD0B-44CB-8F4D-2F2F0E08A0DE}.Release|x64.Build.0 = Release|Any CPU
		{EE93CA68-FD0B-44CB-8F4D-2F2F0E08A0DE}.Release|x64.Deploy.0 = Release|Any CPU
		{EE93CA68-FD0B-44CB-8F4D-2F2F0E08A0DE}.Release|x86.ActiveCfg = Release|Any CPU
		{EE93CA68-FD0B-44CB-8F4D-2F2F0E08A0DE}.Release|x86.Build.0 = Release|Any CPU
		{EE93CA68-FD0B-44CB-8F4D-2F2F0E08A0DE}.Release|x86.Deploy.0 = Release|Any CPU
	EndGlobalSection
	GlobalSection(SolutionProperties) = preSolution
		HideSolutionNode = FALSE
	EndGlobalSection
	GlobalSection(ExtensibilityGlobals) = postSolution
		SolutionGuid = {43D4BD44-67D7-413D-9F3C-721A0467E219}
	EndGlobalSection
EndGlobal
